
Microsoft Visual Studio Solution File, Format Version 12.00
# Visual Studio 15
VisualStudioVersion = 15.0.28307.271
MinimumVisualStudioVersion = 10.0.40219.1
Project("{FAE04EC0-301F-11D3-BF4B-00C04F79EFBC}") = "FerreteriaZC", "FerreteriaZC\FerreteriaZC.csproj", "{87359885-A75B-473B-889A-5FD72DB7D61C}"
EndProject
Global
	GlobalSection(SolutionConfigurationPlatforms) = preSolution
		Debug|Any CPU = Debug|Any CPU
		Release|Any CPU = Release|Any CPU
	EndGlobalSection
	GlobalSection(ProjectConfigurationPlatforms) = postSolution
		{87359885-A75B-473B-889A-5FD72DB7D61C}.Debug|Any CPU.ActiveCfg = Debug|Any CPU
		{87359885-A75B-473B-889A-5FD72DB7D61C}.Debug|Any CPU.Build.0 = Debug|Any CPU
		{87359885-A75B-473B-889A-5FD72DB7D61C}.Release|Any CPU.ActiveCfg = Release|Any CPU
		{87359885-A75B-473B-889A-5FD72DB7D61C}.Release|Any CPU.Build.0 = Release|Any CPU
	EndGlobalSection
	GlobalSection(SolutionProperties) = preSolution
		HideSolutionNode = FALSE
	EndGlobalSection
	GlobalSection(ExtensibilityGlobals) = postSolution
		SolutionGuid = {2F805222-538F-4E6C-984F-6B2A512880DF}
	EndGlobalSection
EndGlobal
